
Microsoft Visual Studio Solution File, Format Version 12.00
# Visual Studio Version 16
VisualStudioVersion = 16.0.30907.101
MinimumVisualStudioVersion = 10.0.40219.1
Project("{FAE04EC0-301F-11D3-BF4B-00C04F79EFBC}") = "11-Array-Diziler", "11-Array-Diziler\11-Array-Diziler.csproj", "{44FB07E0-18F1-4A8B-BCF5-1B1DFD057AC4}"
EndProject
Global
	GlobalSection(SolutionConfigurationPlatforms) = preSolution
		Debug|Any CPU = Debug|Any CPU
		Release|Any CPU = Release|Any CPU
	EndGlobalSection
	GlobalSection(ProjectConfigurationPlatforms) = postSolution
		{44FB07E0-18F1-4A8B-BCF5-1B1DFD057AC4}.Debug|Any CPU.ActiveCfg = Debug|Any CPU
		{44FB07E0-18F1-4A8B-BCF5-1B1DFD057AC4}.Debug|Any CPU.Build.0 = Debug|Any CPU
		{44FB07E0-18F1-4A8B-BCF5-1B1DFD057AC4}.Release|Any CPU.ActiveCfg = Release|Any CPU
		{44FB07E0-18F1-4A8B-BCF5-1B1DFD057AC4}.Release|Any CPU.Build.0 = Release|Any CPU
	EndGlobalSection
	GlobalSection(SolutionProperties) = preSolution
		HideSolutionNode = FALSE
	EndGlobalSection
	GlobalSection(ExtensibilityGlobals) = postSolution
		SolutionGuid = {3271FA5B-7EEA-42FF-917C-059396B4DA82}
	EndGlobalSection
EndGlobal
